
Microsoft Visual Studio Solution File, Format Version 12.00
Project("{FAE04EC0-301F-11D3-BF4B-00C04F79EFBC}") = "AveMujica", "AveMujica.csproj", "{E4EB02B2-0341-4DDB-A4C8-67871BA5686A}"
EndProject
Global
	GlobalSection(SolutionConfigurationPlatforms) = preSolution
		Debug|Any CPU = Debug|Any CPU
		ExportDebug|Any CPU = ExportDebug|Any CPU
		ExportRelease|Any CPU = ExportRelease|Any CPU
	EndGlobalSection
	GlobalSection(ProjectConfigurationPlatforms) = postSolution
		{E4EB02B2-0341-4DDB-A4C8-67871BA5686A}.Debug|Any CPU.ActiveCfg = Debug|Any CPU
		{E4EB02B2-0341-4DDB-A4C8-67871BA5686A}.Debug|Any CPU.Build.0 = Debug|Any CPU
		{E4EB02B2-0341-4DDB-A4C8-67871BA5686A}.ExportDebug|Any CPU.ActiveCfg = ExportDebug|Any CPU
		{E4EB02B2-0341-4DDB-A4C8-67871BA5686A}.ExportDebug|Any CPU.Build.0 = ExportDebug|Any CPU
		{E4EB02B2-0341-4DDB-A4C8-67871BA5686A}.ExportRelease|Any CPU.ActiveCfg = ExportRelease|Any CPU
		{E4EB02B2-0341-4DDB-A4C8-67871BA5686A}.ExportRelease|Any CPU.Build.0 = ExportRelease|Any CPU
	EndGlobalSection
EndGlobal
